
Microsoft Visual Studio Solution File, Format Version 12.00
# Visual Studio Version 17
VisualStudioVersion = 17.7.34024.191
MinimumVisualStudioVersion = 10.0.40219.1
Project("{9A19103F-16F7-4668-BE54-9A1E7A4F7556}") = "BinaryStringChecker", "BinaryStringChecker\BinaryStringChecker.csproj", "{0D33ABBF-EDAC-47A9-8E26-545207D2D503}"
EndProject
Project("{2150E333-8FDC-42A3-9474-1A3956D46DE8}") = "Task2", "Task2", "{595D6A5C-73C8-424F-A734-0EE276835320}"
EndProject
Project("{2150E333-8FDC-42A3-9474-1A3956D46DE8}") = "Task1", "Task1", "{ABA2B578-1C09-4684-87E4-DE644B16CC26}"
EndProject
Project("{9A19103F-16F7-4668-BE54-9A1E7A4F7556}") = "UserDemoApp", "UserDemoApp\UserDemoApp.csproj", "{A87913EE-E6F3-4AA9-9302-38C5E73A1C45}"
EndProject
Project("{FAE04EC0-301F-11D3-BF4B-00C04F79EFBC}") = "UserDemoApp.Tests", "UserServiceTests\UserDemoApp.Tests.csproj", "{7B363B2C-6A64-4BA5-8C34-585FA6BB636E}"
EndProject
Global
	GlobalSection(SolutionConfigurationPlatforms) = preSolution
		Debug|Any CPU = Debug|Any CPU
		Release|Any CPU = Release|Any CPU
	EndGlobalSection
	GlobalSection(ProjectConfigurationPlatforms) = postSolution
		{0D33ABBF-EDAC-47A9-8E26-545207D2D503}.Debug|Any CPU.ActiveCfg = Debug|Any CPU
		{0D33ABBF-EDAC-47A9-8E26-545207D2D503}.Debug|Any CPU.Build.0 = Debug|Any CPU
		{0D33ABBF-EDAC-47A9-8E26-545207D2D503}.Release|Any CPU.ActiveCfg = Release|Any CPU
		{0D33ABBF-EDAC-47A9-8E26-545207D2D503}.Release|Any CPU.Build.0 = Release|Any CPU
		{A87913EE-E6F3-4AA9-9302-38C5E73A1C45}.Debug|Any CPU.ActiveCfg = Debug|Any CPU
		{A87913EE-E6F3-4AA9-9302-38C5E73A1C45}.Debug|Any CPU.Build.0 = Debug|Any CPU
		{A87913EE-E6F3-4AA9-9302-38C5E73A1C45}.Release|Any CPU.ActiveCfg = Release|Any CPU
		{A87913EE-E6F3-4AA9-9302-38C5E73A1C45}.Release|Any CPU.Build.0 = Release|Any CPU
		{7B363B2C-6A64-4BA5-8C34-585FA6BB636E}.Debug|Any CPU.ActiveCfg = Debug|Any CPU
		{7B363B2C-6A64-4BA5-8C34-585FA6BB636E}.Debug|Any CPU.Build.0 = Debug|Any CPU
		{7B363B2C-6A64-4BA5-8C34-585FA6BB636E}.Release|Any CPU.ActiveCfg = Release|Any CPU
		{7B363B2C-6A64-4BA5-8C34-585FA6BB636E}.Release|Any CPU.Build.0 = Release|Any CPU
	EndGlobalSection
	GlobalSection(SolutionProperties) = preSolution
		HideSolutionNode = FALSE
	EndGlobalSection
	GlobalSection(NestedProjects) = preSolution
		{0D33ABBF-EDAC-47A9-8E26-545207D2D503} = {595D6A5C-73C8-424F-A734-0EE276835320}
		{A87913EE-E6F3-4AA9-9302-38C5E73A1C45} = {ABA2B578-1C09-4684-87E4-DE644B16CC26}
		{7B363B2C-6A64-4BA5-8C34-585FA6BB636E} = {ABA2B578-1C09-4684-87E4-DE644B16CC26}
	EndGlobalSection
	GlobalSection(ExtensibilityGlobals) = postSolution
		SolutionGuid = {4A169CCE-C2DA-4DAE-91F5-2E7F6AAB6B1E}
	EndGlobalSection
EndGlobal
